{"filter":false,"title":"Gemfile.lock","tooltip":"/Gemfile.lock","undoManager":{"mark":-1,"position":-1,"stack":[]},"ace":{"folds":[],"scrolltop":1538.828125,"scrollleft":0,"selection":{"start":{"row":197,"column":8},"end":{"row":197,"column":8},"isBackwards":false},"options":{"guessTabSize":true,"useWrapMode":false,"wrapToView":true},"firstLineState":0},"timestamp":1567413241053,"hash":"20ad8138dd5b840835f8795598b45a6d116dd2c1"}